
Microsoft Visual Studio Solution File, Format Version 12.00
# Visual Studio Version 16
VisualStudioVersion = 16.0.29806.167
MinimumVisualStudioVersion = 10.0.40219.1
Project("{FAE04EC0-301F-11D3-BF4B-00C04F79EFBC}") = "WinG810", "WinG810\WinG810.csproj", "{014E5FA1-CE11-4929-A53C-99999516BF0E}"
	ProjectSection(ProjectDependencies) = postProject
		{1691C02E-0A93-4152-AACE-5374B80E2118} = {1691C02E-0A93-4152-AACE-5374B80E2118}
	EndProjectSection
EndProject
Project("{8BC9CEB8-8B4A-11D0-8D11-00A0C91BC942}") = "LibG810LED", "LibG810LED\LibG810LED.vcxproj", "{1691C02E-0A93-4152-AACE-5374B80E2118}"
	ProjectSection(ProjectDependencies) = postProject
		{1B4BA431-0B03-49E6-9964-9D9C32E4E2DA} = {1B4BA431-0B03-49E6-9964-9D9C32E4E2DA}
		{349EE8F9-7D25-4909-AAF5-FF3FADE72187} = {349EE8F9-7D25-4909-AAF5-FF3FADE72187}
	EndProjectSection
EndProject
Project("{8BC9CEB8-8B4A-11D0-8D11-00A0C91BC942}") = "libusb-1.0 (static)", "libusb\msvc\libusb_static_2019.vcxproj", "{349EE8F9-7D25-4909-AAF5-FF3FADE72187}"
EndProject
Project("{8BC9CEB8-8B4A-11D0-8D11-00A0C91BC942}") = "g810-led", "g810-led\msvc\libg810-led-msvc2019.vcxproj", "{1B4BA431-0B03-49E6-9964-9D9C32E4E2DA}"
	ProjectSection(ProjectDependencies) = postProject
		{349EE8F9-7D25-4909-AAF5-FF3FADE72187} = {349EE8F9-7D25-4909-AAF5-FF3FADE72187}
	EndProjectSection
EndProject
Global
	GlobalSection(SolutionConfigurationPlatforms) = preSolution
		Debug|Any CPU = Debug|Any CPU
		Debug|ARM = Debug|ARM
		Debug|ARM64 = Debug|ARM64
		Debug|x64 = Debug|x64
		Debug|x86 = Debug|x86
		Release|Any CPU = Release|Any CPU
		Release|ARM = Release|ARM
		Release|ARM64 = Release|ARM64
		Release|x64 = Release|x64
		Release|x86 = Release|x86
	EndGlobalSection
	GlobalSection(ProjectConfigurationPlatforms) = postSolution
		{014E5FA1-CE11-4929-A53C-99999516BF0E}.Debug|Any CPU.ActiveCfg = Debug|Any CPU
		{014E5FA1-CE11-4929-A53C-99999516BF0E}.Debug|Any CPU.Build.0 = Debug|Any CPU
		{014E5FA1-CE11-4929-A53C-99999516BF0E}.Debug|ARM.ActiveCfg = Debug|Any CPU
		{014E5FA1-CE11-4929-A53C-99999516BF0E}.Debug|ARM.Build.0 = Debug|Any CPU
		{014E5FA1-CE11-4929-A53C-99999516BF0E}.Debug|ARM64.ActiveCfg = Debug|Any CPU
		{014E5FA1-CE11-4929-A53C-99999516BF0E}.Debug|ARM64.Build.0 = Debug|Any CPU
		{014E5FA1-CE11-4929-A53C-99999516BF0E}.Debug|x64.ActiveCfg = Debug|x64
		{014E5FA1-CE11-4929-A53C-99999516BF0E}.Debug|x64.Build.0 = Debug|x64
		{014E5FA1-CE11-4929-A53C-99999516BF0E}.Debug|x86.ActiveCfg = Debug|Any CPU
		{014E5FA1-CE11-4929-A53C-99999516BF0E}.Debug|x86.Build.0 = Debug|Any CPU
		{014E5FA1-CE11-4929-A53C-99999516BF0E}.Release|Any CPU.ActiveCfg = Release|Any CPU
		{014E5FA1-CE11-4929-A53C-99999516BF0E}.Release|Any CPU.Build.0 = Release|Any CPU
		{014E5FA1-CE11-4929-A53C-99999516BF0E}.Release|ARM.ActiveCfg = Release|Any CPU
		{014E5FA1-CE11-4929-A53C-99999516BF0E}.Release|ARM.Build.0 = Release|Any CPU
		{014E5FA1-CE11-4929-A53C-99999516BF0E}.Release|ARM64.ActiveCfg = Release|Any CPU
		{014E5FA1-CE11-4929-A53C-99999516BF0E}.Release|ARM64.Build.0 = Release|Any CPU
		{014E5FA1-CE11-4929-A53C-99999516BF0E}.Release|x64.ActiveCfg = Release|Any CPU
		{014E5FA1-CE11-4929-A53C-99999516BF0E}.Release|x64.Build.0 = Release|Any CPU
		{014E5FA1-CE11-4929-A53C-99999516BF0E}.Release|x86.ActiveCfg = Release|Any CPU
		{014E5FA1-CE11-4929-A53C-99999516BF0E}.Release|x86.Build.0 = Release|Any CPU
		{1691C02E-0A93-4152-AACE-5374B80E2118}.Debug|Any CPU.ActiveCfg = Debug|Win32
		{1691C02E-0A93-4152-AACE-5374B80E2118}.Debug|ARM.ActiveCfg = Debug|Win32
		{1691C02E-0A93-4152-AACE-5374B80E2118}.Debug|ARM64.ActiveCfg = Debug|Win32
		{1691C02E-0A93-4152-AACE-5374B80E2118}.Debug|x64.ActiveCfg = Debug|x64
		{1691C02E-0A93-4152-AACE-5374B80E2118}.Debug|x64.Build.0 = Debug|x64
		{1691C02E-0A93-4152-AACE-5374B80E2118}.Debug|x86.ActiveCfg = Debug|Win32
		{1691C02E-0A93-4152-AACE-5374B80E2118}.Debug|x86.Build.0 = Debug|Win32
		{1691C02E-0A93-4152-AACE-5374B80E2118}.Release|Any CPU.ActiveCfg = Release|Win32
		{1691C02E-0A93-4152-AACE-5374B80E2118}.Release|ARM.ActiveCfg = Release|Win32
		{1691C02E-0A93-4152-AACE-5374B80E2118}.Release|ARM64.ActiveCfg = Release|Win32
		{1691C02E-0A93-4152-AACE-5374B80E2118}.Release|x64.ActiveCfg = Release|x64
		{1691C02E-0A93-4152-AACE-5374B80E2118}.Release|x64.Build.0 = Release|x64
		{1691C02E-0A93-4152-AACE-5374B80E2118}.Release|x86.ActiveCfg = Release|Win32
		{1691C02E-0A93-4152-AACE-5374B80E2118}.Release|x86.Build.0 = Release|Win32
		{349EE8F9-7D25-4909-AAF5-FF3FADE72187}.Debug|Any CPU.ActiveCfg = Debug|Win32
		{349EE8F9-7D25-4909-AAF5-FF3FADE72187}.Debug|ARM.ActiveCfg = Debug|ARM
		{349EE8F9-7D25-4909-AAF5-FF3FADE72187}.Debug|ARM.Build.0 = Debug|ARM
		{349EE8F9-7D25-4909-AAF5-FF3FADE72187}.Debug|ARM64.ActiveCfg = Debug|ARM64
		{349EE8F9-7D25-4909-AAF5-FF3FADE72187}.Debug|ARM64.Build.0 = Debug|ARM64
		{349EE8F9-7D25-4909-AAF5-FF3FADE72187}.Debug|x64.ActiveCfg = Debug|x64
		{349EE8F9-7D25-4909-AAF5-FF3FADE72187}.Debug|x64.Build.0 = Debug|x64
		{349EE8F9-7D25-4909-AAF5-FF3FADE72187}.Debug|x86.ActiveCfg = Debug|Win32
		{349EE8F9-7D25-4909-AAF5-FF3FADE72187}.Debug|x86.Build.0 = Debug|Win32
		{349EE8F9-7D25-4909-AAF5-FF3FADE72187}.Release|Any CPU.ActiveCfg = Release|Win32
		{349EE8F9-7D25-4909-AAF5-FF3FADE72187}.Release|ARM.ActiveCfg = Release|ARM
		{349EE8F9-7D25-4909-AAF5-FF3FADE72187}.Release|ARM.Build.0 = Release|ARM
		{349EE8F9-7D25-4909-AAF5-FF3FADE72187}.Release|ARM64.ActiveCfg = Release|ARM64
		{349EE8F9-7D25-4909-AAF5-FF3FADE72187}.Release|ARM64.Build.0 = Release|ARM64
		{349EE8F9-7D25-4909-AAF5-FF3FADE72187}.Release|x64.ActiveCfg = Release|x64
		{349EE8F9-7D25-4909-AAF5-FF3FADE72187}.Release|x64.Build.0 = Release|x64
		{349EE8F9-7D25-4909-AAF5-FF3FADE72187}.Release|x86.ActiveCfg = Release|Win32
		{349EE8F9-7D25-4909-AAF5-FF3FADE72187}.Release|x86.Build.0 = Release|Win32
		{1B4BA431-0B03-49E6-9964-9D9C32E4E2DA}.Debug|Any CPU.ActiveCfg = Debug|Win32
		{1B4BA431-0B03-49E6-9964-9D9C32E4E2DA}.Debug|ARM.ActiveCfg = Debug|Win32
		{1B4BA431-0B03-49E6-9964-9D9C32E4E2DA}.Debug|ARM64.ActiveCfg = Debug|Win32
		{1B4BA431-0B03-49E6-9964-9D9C32E4E2DA}.Debug|x64.ActiveCfg = Debug|x64
		{1B4BA431-0B03-49E6-9964-9D9C32E4E2DA}.Debug|x64.Build.0 = Debug|x64
		{1B4BA431-0B03-49E6-9964-9D9C32E4E2DA}.Debug|x86.ActiveCfg = Debug|Win32
		{1B4BA431-0B03-49E6-9964-9D9C32E4E2DA}.Debug|x86.Build.0 = Debug|Win32
		{1B4BA431-0B03-49E6-9964-9D9C32E4E2DA}.Release|Any CPU.ActiveCfg = Release|Win32
		{1B4BA431-0B03-49E6-9964-9D9C32E4E2DA}.Release|ARM.ActiveCfg = Release|Win32
		{1B4BA431-0B03-49E6-9964-9D9C32E4E2DA}.Release|ARM64.ActiveCfg = Release|Win32
		{1B4BA431-0B03-49E6-9964-9D9C32E4E2DA}.Release|x64.ActiveCfg = Release|x64
		{1B4BA431-0B03-49E6-9964-9D9C32E4E2DA}.Release|x64.Build.0 = Release|x64
		{1B4BA431-0B03-49E6-9964-9D9C32E4E2DA}.Release|x86.ActiveCfg = Release|Win32
		{1B4BA431-0B03-49E6-9964-9D9C32E4E2DA}.Release|x86.Build.0 = Release|Win32
	EndGlobalSection
	GlobalSection(SolutionProperties) = preSolution
		HideSolutionNode = FALSE
	EndGlobalSection
	GlobalSection(ExtensibilityGlobals) = postSolution
		SolutionGuid = {2821AD07-8322-4373-AB8F-7E4BCF15711B}
	EndGlobalSection
EndGlobal
